{
  "nodes": {
    "nixng": {
      "inputs": {
        "nixpkgs": [
          "nixpkgs"
        ]
      },
      "locked": {
        "lastModified": 1668554156,
        "narHash": "sha256-jszaqmOsihMlUrXoJo6DZUYJqM8NsSSBkBiYltiDi9M=",
        "owner": "nix-community",
        "repo": "NixNG",
        "rev": "8255f9e12d8d39e82c6047835e21577f1b8284c3",
        "type": "github"
      },
      "original": {
        "owner": "nix-community",
        "repo": "NixNG",
        "rev": "8255f9e12d8d39e82c6047835e21577f1b8284c3",
        "type": "github"
      }
    },
    "nixpkgs": {
      "locked": {
        "lastModified": 1669834992,
        "narHash": "sha256-YnhZGHgb4C3Q7DSGisO/stc50jFb9F/MzHeKS4giotg=",
        "owner": "nixos",
        "repo": "nixpkgs",
        "rev": "596a8e828c5dfa504f91918d0fa4152db3ab5502",
        "type": "github"
      },
      "original": {
        "owner": "NixOS",
        "ref": "nixos-22.11",
        "repo": "nixpkgs",
        "type": "github"
      }
    },
    "root": {
      "inputs": {
        "nixng": "nixng",
        "nixpkgs": "nixpkgs"
      }
    }
  },
  "root": "root",
  "version": 7
}
